
Microsoft Visual Studio Solution File, Format Version 12.00
# Visual Studio Version 16
VisualStudioVersion = 16.0.31515.178
MinimumVisualStudioVersion = 10.0.40219.1
Project("{2150E333-8FDC-42A3-9474-1A3956D46DE8}") = "01. Clients", "01. Clients", "{DAFDFE50-078E-4791-8FEA-749F5DD74BAE}"
EndProject
Project("{2150E333-8FDC-42A3-9474-1A3956D46DE8}") = "02. Api.Gateways", "02. Api.Gateways", "{EF14FF2B-EA7A-4B63-8EBF-715AB76BCC16}"
EndProject
Project("{2150E333-8FDC-42A3-9474-1A3956D46DE8}") = "03. Services", "03. Services", "{0E451072-5F3D-43F5-8EFF-27B637310C69}"
EndProject
Project("{2150E333-8FDC-42A3-9474-1A3956D46DE8}") = "01. Identity", "01. Identity", "{EFA14274-6E21-4DD4-ACDB-5CA51EF43431}"
EndProject
Project("{2150E333-8FDC-42A3-9474-1A3956D46DE8}") = "02. Catalog", "02. Catalog", "{E2DC3554-0452-4FA8-9FC5-335DCC7FD7D4}"
EndProject
Project("{2150E333-8FDC-42A3-9474-1A3956D46DE8}") = "03. Customer", "03. Customer", "{B0CE8C4A-9C29-4F6F-93A4-DD7D79A3CDCE}"
EndProject
Project("{2150E333-8FDC-42A3-9474-1A3956D46DE8}") = "04. Order", "04. Order", "{B25974BA-7C3C-4A19-901B-A2BEA73346DB}"
EndProject
Project("{FAE04EC0-301F-11D3-BF4B-00C04F79EFBC}") = "Catalog.Api", "src\Services\Catalog\Catalog.Api\Catalog.Api.csproj", "{B4B7997F-4AD7-4F64-8375-429FE9D3DED1}"
EndProject
Project("{2150E333-8FDC-42A3-9474-1A3956D46DE8}") = "01. API", "01. API", "{8A55003C-6EF5-40F9-A2A4-B59178F885F5}"
EndProject
Project("{2150E333-8FDC-42A3-9474-1A3956D46DE8}") = "02. Services", "02. Services", "{49282982-D3AB-45AC-AECA-E8BA55714C6C}"
EndProject
Project("{2150E333-8FDC-42A3-9474-1A3956D46DE8}") = "03. Persistence", "03. Persistence", "{52423FD0-D3A6-4D64-A969-00983A35F129}"
EndProject
Project("{2150E333-8FDC-42A3-9474-1A3956D46DE8}") = "04. Models", "04. Models", "{2951C0D1-3824-4E9C-A124-C229D05F8735}"
EndProject
Project("{2150E333-8FDC-42A3-9474-1A3956D46DE8}") = "01. API", "01. API", "{209DE8B1-12CF-4E9C-BE55-C88C91B27FD8}"
EndProject
Project("{2150E333-8FDC-42A3-9474-1A3956D46DE8}") = "02. Services", "02. Services", "{4C06BA42-D717-4862-A027-6F151722424B}"
EndProject
Project("{2150E333-8FDC-42A3-9474-1A3956D46DE8}") = "03. Persistence", "03. Persistence", "{0DF82CB9-336E-4B03-950A-94DEA93413E4}"
EndProject
Project("{2150E333-8FDC-42A3-9474-1A3956D46DE8}") = "04. Models", "04. Models", "{27384FCB-E9EF-4C95-9875-81F7BC19F57D}"
EndProject
Project("{2150E333-8FDC-42A3-9474-1A3956D46DE8}") = "01. API", "01. API", "{FDA1F117-3C87-4068-994C-0654C1B4FF6D}"
EndProject
Project("{2150E333-8FDC-42A3-9474-1A3956D46DE8}") = "02. Services", "02. Services", "{62756ACF-C526-42A2-B4BB-BED7E15B7646}"
EndProject
Project("{2150E333-8FDC-42A3-9474-1A3956D46DE8}") = "03. Persistence", "03. Persistence", "{1D1DD90F-4728-46EF-830D-94A87409632C}"
EndProject
Project("{2150E333-8FDC-42A3-9474-1A3956D46DE8}") = "04. Models", "04. Models", "{4E471ED2-FB95-4B51-9E37-AC0F23F21552}"
EndProject
Project("{2150E333-8FDC-42A3-9474-1A3956D46DE8}") = "01. API", "01. API", "{309E875F-0E1A-4BF4-A69C-59FA2FE3E86D}"
EndProject
Project("{2150E333-8FDC-42A3-9474-1A3956D46DE8}") = "02. Services", "02. Services", "{BBCA4985-4FD3-4C09-8FE4-1F71FAD3FD02}"
EndProject
Project("{2150E333-8FDC-42A3-9474-1A3956D46DE8}") = "03. Persistence", "03. Persistence", "{8AA1CE93-01AE-485F-B1C5-7564BC080CEC}"
EndProject
Project("{2150E333-8FDC-42A3-9474-1A3956D46DE8}") = "04. Models", "04. Models", "{A3F79983-CD3E-4DA1-98DF-DD64670F3F14}"
EndProject
Project("{FAE04EC0-301F-11D3-BF4B-00C04F79EFBC}") = "Catalog.Domain", "src\Services\Catalog\Catalog.Domain\Catalog.Domain.csproj", "{C263451C-ED72-4296-8B0C-76DCDE1E15DE}"
EndProject
Project("{FAE04EC0-301F-11D3-BF4B-00C04F79EFBC}") = "Catalog.Persistence.Database", "src\Services\Catalog\Catalog.Persistence.Database\Catalog.Persistence.Database.csproj", "{CF3930C5-14E4-40FA-A675-B249A91AC377}"
EndProject
Global
	GlobalSection(SolutionConfigurationPlatforms) = preSolution
		Debug|Any CPU = Debug|Any CPU
		Release|Any CPU = Release|Any CPU
	EndGlobalSection
	GlobalSection(ProjectConfigurationPlatforms) = postSolution
		{B4B7997F-4AD7-4F64-8375-429FE9D3DED1}.Debug|Any CPU.ActiveCfg = Debug|Any CPU
		{B4B7997F-4AD7-4F64-8375-429FE9D3DED1}.Debug|Any CPU.Build.0 = Debug|Any CPU
		{B4B7997F-4AD7-4F64-8375-429FE9D3DED1}.Release|Any CPU.ActiveCfg = Release|Any CPU
		{B4B7997F-4AD7-4F64-8375-429FE9D3DED1}.Release|Any CPU.Build.0 = Release|Any CPU
		{C263451C-ED72-4296-8B0C-76DCDE1E15DE}.Debug|Any CPU.ActiveCfg = Debug|Any CPU
		{C263451C-ED72-4296-8B0C-76DCDE1E15DE}.Debug|Any CPU.Build.0 = Debug|Any CPU
		{C263451C-ED72-4296-8B0C-76DCDE1E15DE}.Release|Any CPU.ActiveCfg = Release|Any CPU
		{C263451C-ED72-4296-8B0C-76DCDE1E15DE}.Release|Any CPU.Build.0 = Release|Any CPU
		{CF3930C5-14E4-40FA-A675-B249A91AC377}.Debug|Any CPU.ActiveCfg = Debug|Any CPU
		{CF3930C5-14E4-40FA-A675-B249A91AC377}.Debug|Any CPU.Build.0 = Debug|Any CPU
		{CF3930C5-14E4-40FA-A675-B249A91AC377}.Release|Any CPU.ActiveCfg = Release|Any CPU
		{CF3930C5-14E4-40FA-A675-B249A91AC377}.Release|Any CPU.Build.0 = Release|Any CPU
	EndGlobalSection
	GlobalSection(SolutionProperties) = preSolution
		HideSolutionNode = FALSE
	EndGlobalSection
	GlobalSection(NestedProjects) = preSolution
		{EFA14274-6E21-4DD4-ACDB-5CA51EF43431} = {0E451072-5F3D-43F5-8EFF-27B637310C69}
		{E2DC3554-0452-4FA8-9FC5-335DCC7FD7D4} = {0E451072-5F3D-43F5-8EFF-27B637310C69}
		{B0CE8C4A-9C29-4F6F-93A4-DD7D79A3CDCE} = {0E451072-5F3D-43F5-8EFF-27B637310C69}
		{B25974BA-7C3C-4A19-901B-A2BEA73346DB} = {0E451072-5F3D-43F5-8EFF-27B637310C69}
		{B4B7997F-4AD7-4F64-8375-429FE9D3DED1} = {8A55003C-6EF5-40F9-A2A4-B59178F885F5}
		{8A55003C-6EF5-40F9-A2A4-B59178F885F5} = {E2DC3554-0452-4FA8-9FC5-335DCC7FD7D4}
		{49282982-D3AB-45AC-AECA-E8BA55714C6C} = {E2DC3554-0452-4FA8-9FC5-335DCC7FD7D4}
		{52423FD0-D3A6-4D64-A969-00983A35F129} = {E2DC3554-0452-4FA8-9FC5-335DCC7FD7D4}
		{2951C0D1-3824-4E9C-A124-C229D05F8735} = {E2DC3554-0452-4FA8-9FC5-335DCC7FD7D4}
		{209DE8B1-12CF-4E9C-BE55-C88C91B27FD8} = {B0CE8C4A-9C29-4F6F-93A4-DD7D79A3CDCE}
		{4C06BA42-D717-4862-A027-6F151722424B} = {B0CE8C4A-9C29-4F6F-93A4-DD7D79A3CDCE}
		{0DF82CB9-336E-4B03-950A-94DEA93413E4} = {B0CE8C4A-9C29-4F6F-93A4-DD7D79A3CDCE}
		{27384FCB-E9EF-4C95-9875-81F7BC19F57D} = {B0CE8C4A-9C29-4F6F-93A4-DD7D79A3CDCE}
		{FDA1F117-3C87-4068-994C-0654C1B4FF6D} = {B25974BA-7C3C-4A19-901B-A2BEA73346DB}
		{62756ACF-C526-42A2-B4BB-BED7E15B7646} = {B25974BA-7C3C-4A19-901B-A2BEA73346DB}
		{1D1DD90F-4728-46EF-830D-94A87409632C} = {B25974BA-7C3C-4A19-901B-A2BEA73346DB}
		{4E471ED2-FB95-4B51-9E37-AC0F23F21552} = {B25974BA-7C3C-4A19-901B-A2BEA73346DB}
		{309E875F-0E1A-4BF4-A69C-59FA2FE3E86D} = {EFA14274-6E21-4DD4-ACDB-5CA51EF43431}
		{BBCA4985-4FD3-4C09-8FE4-1F71FAD3FD02} = {EFA14274-6E21-4DD4-ACDB-5CA51EF43431}
		{8AA1CE93-01AE-485F-B1C5-7564BC080CEC} = {EFA14274-6E21-4DD4-ACDB-5CA51EF43431}
		{A3F79983-CD3E-4DA1-98DF-DD64670F3F14} = {EFA14274-6E21-4DD4-ACDB-5CA51EF43431}
		{C263451C-ED72-4296-8B0C-76DCDE1E15DE} = {2951C0D1-3824-4E9C-A124-C229D05F8735}
		{CF3930C5-14E4-40FA-A675-B249A91AC377} = {52423FD0-D3A6-4D64-A969-00983A35F129}
	EndGlobalSection
	GlobalSection(ExtensibilityGlobals) = postSolution
		SolutionGuid = {F7210CAF-C248-4DF7-A0F3-0EA8B91E8CC0}
	EndGlobalSection
EndGlobal
